
Microsoft Visual Studio Solution File, Format Version 12.00
# Visual Studio Version 17
VisualStudioVersion = 17.1.32319.34
MinimumVisualStudioVersion = 10.0.40219.1
Project("{FAE04EC0-301F-11D3-BF4B-00C04F79EFBC}") = "LessonThree", "LessonThree\LessonThree.csproj", "{2B160CC7-2B4F-433F-9589-DC52481F45A0}"
EndProject
Project("{FAE04EC0-301F-11D3-BF4B-00C04F79EFBC}") = "Inherit", "Inherit\Inherit.csproj", "{1FB593D4-8AE8-474D-9BBD-B8515C576A93}"
EndProject
Project("{FAE04EC0-301F-11D3-BF4B-00C04F79EFBC}") = "HomeWork", "HomeWork\HomeWork.csproj", "{C77F8E0D-FAE7-49AC-9EE3-C235633AC708}"
EndProject
Global
	GlobalSection(SolutionConfigurationPlatforms) = preSolution
		Debug|Any CPU = Debug|Any CPU
		Release|Any CPU = Release|Any CPU
	EndGlobalSection
	GlobalSection(ProjectConfigurationPlatforms) = postSolution
		{2B160CC7-2B4F-433F-9589-DC52481F45A0}.Debug|Any CPU.ActiveCfg = Debug|Any CPU
		{2B160CC7-2B4F-433F-9589-DC52481F45A0}.Debug|Any CPU.Build.0 = Debug|Any CPU
		{2B160CC7-2B4F-433F-9589-DC52481F45A0}.Release|Any CPU.ActiveCfg = Release|Any CPU
		{2B160CC7-2B4F-433F-9589-DC52481F45A0}.Release|Any CPU.Build.0 = Release|Any CPU
		{1FB593D4-8AE8-474D-9BBD-B8515C576A93}.Debug|Any CPU.ActiveCfg = Debug|Any CPU
		{1FB593D4-8AE8-474D-9BBD-B8515C576A93}.Debug|Any CPU.Build.0 = Debug|Any CPU
		{1FB593D4-8AE8-474D-9BBD-B8515C576A93}.Release|Any CPU.ActiveCfg = Release|Any CPU
		{1FB593D4-8AE8-474D-9BBD-B8515C576A93}.Release|Any CPU.Build.0 = Release|Any CPU
		{C77F8E0D-FAE7-49AC-9EE3-C235633AC708}.Debug|Any CPU.ActiveCfg = Debug|Any CPU
		{C77F8E0D-FAE7-49AC-9EE3-C235633AC708}.Debug|Any CPU.Build.0 = Debug|Any CPU
		{C77F8E0D-FAE7-49AC-9EE3-C235633AC708}.Release|Any CPU.ActiveCfg = Release|Any CPU
		{C77F8E0D-FAE7-49AC-9EE3-C235633AC708}.Release|Any CPU.Build.0 = Release|Any CPU
	EndGlobalSection
	GlobalSection(SolutionProperties) = preSolution
		HideSolutionNode = FALSE
	EndGlobalSection
	GlobalSection(ExtensibilityGlobals) = postSolution
		SolutionGuid = {03ACBD7A-3D7F-47CC-8214-94698F30A016}
	EndGlobalSection
EndGlobal
